# This file is automatically @generated by Cargo.
# It is not intended for manual editing.
version = 4

[[package]]
name = "ws_fixture_assoc_local_enum_ids"
version = "0.1.0"

[[package]]
name = "ws_fixture_cfg_duplicate_mods_repro"
version = "0.1.0"

[[package]]
name = "ws_fixture_duplicate_cfg_test_mods"
version = "0.1.0"

[[package]]
name = "ws_fixture_duplicate_closure_local_consts"
version = "0.1.0"

[[package]]
name = "ws_fixture_duplicate_if_branch_hard_line_break_consts"
version = "0.1.0"

[[package]]
name = "ws_fixture_duplicate_if_branch_local_consts"
version = "0.1.0"

[[package]]
name = "ws_fixture_duplicate_local_consts"
version = "0.1.0"

[[package]]
name = "ws_fixture_duplicate_local_functions"
version = "0.1.0"

[[package]]
name = "ws_fixture_duplicate_local_statics"
version = "0.1.0"

[[package]]
name = "ws_fixture_duplicate_method_collection_flags"
version = "0.1.0"

[[package]]
name = "ws_fixture_duplicate_method_local_consts"
version = "0.1.0"

[[package]]
name = "ws_fixture_duplicate_tls_branch_h2_consts"
version = "0.1.0"

[[package]]
name = "ws_fixture_image_inline_file_repro"
version = "0.1.0"

[[package]]
name = "ws_fixture_logging_inline_file_repro"
version = "0.1.0"

[[package]]
name = "ws_fixture_path_stem_collision_repro"
version = "0.1.0"

[[package]]
name = "ws_fixture_protos_default_index_repro"
version = "0.1.0"

[[package]]
name = "ws_fixture_quantized_metal_repro"
version = "0.1.0"

[[package]]
name = "ws_fixture_scheduler_queue_repro"
version = "0.1.0"
